
Microsoft Visual Studio Solution File, Format Version 12.00
# Visual Studio Version 17
VisualStudioVersion = 17.3.32825.248
MinimumVisualStudioVersion = 10.0.40219.1
Project("{FAE04EC0-301F-11D3-BF4B-00C04F79EFBC}") = "SportsBettingApp", "SportsBettingApp\SportsBettingApp.csproj", "{4535B741-9C55-4327-9B74-218F206BBED3}"
EndProject
Global
	GlobalSection(SolutionConfigurationPlatforms) = preSolution
		Debug|Any CPU = Debug|Any CPU
		Release|Any CPU = Release|Any CPU
	EndGlobalSection
	GlobalSection(ProjectConfigurationPlatforms) = postSolution
		{4535B741-9C55-4327-9B74-218F206BBED3}.Debug|Any CPU.ActiveCfg = Debug|Any CPU
		{4535B741-9C55-4327-9B74-218F206BBED3}.Debug|Any CPU.Build.0 = Debug|Any CPU
		{4535B741-9C55-4327-9B74-218F206BBED3}.Release|Any CPU.ActiveCfg = Release|Any CPU
		{4535B741-9C55-4327-9B74-218F206BBED3}.Release|Any CPU.Build.0 = Release|Any CPU
	EndGlobalSection
	GlobalSection(SolutionProperties) = preSolution
		HideSolutionNode = FALSE
	EndGlobalSection
	GlobalSection(ExtensibilityGlobals) = postSolution
		SolutionGuid = {0CE0E084-13F8-4B88-A552-E082F3E61F02}
	EndGlobalSection
EndGlobal
